
Microsoft Visual Studio Solution File, Format Version 12.00
# Visual Studio 15
VisualStudioVersion = 15.0.27703.2047
MinimumVisualStudioVersion = 10.0.40219.1
Project("{FAE04EC0-301F-11D3-BF4B-00C04F79EFBC}") = "Entidades", "Entidades\Entidades.csproj", "{331904A5-E1F4-4605-96F3-A581322BEDCE}"
EndProject
Project("{FAE04EC0-301F-11D3-BF4B-00C04F79EFBC}") = "VistaConsola", "VistaConsola\VistaConsola.csproj", "{21D58B52-20F5-4247-A038-84AC60E01A0B}"
EndProject
Project("{FAE04EC0-301F-11D3-BF4B-00C04F79EFBC}") = "VistaForm", "VistaForm\VistaForm.csproj", "{A3F54C83-2CC2-44C9-9A08-BE418D1516AB}"
EndProject
Global
	GlobalSection(SolutionConfigurationPlatforms) = preSolution
		Debug|Any CPU = Debug|Any CPU
		Release|Any CPU = Release|Any CPU
	EndGlobalSection
	GlobalSection(ProjectConfigurationPlatforms) = postSolution
		{331904A5-E1F4-4605-96F3-A581322BEDCE}.Debug|Any CPU.ActiveCfg = Debug|Any CPU
		{331904A5-E1F4-4605-96F3-A581322BEDCE}.Debug|Any CPU.Build.0 = Debug|Any CPU
		{331904A5-E1F4-4605-96F3-A581322BEDCE}.Release|Any CPU.ActiveCfg = Release|Any CPU
		{331904A5-E1F4-4605-96F3-A581322BEDCE}.Release|Any CPU.Build.0 = Release|Any CPU
		{21D58B52-20F5-4247-A038-84AC60E01A0B}.Debug|Any CPU.ActiveCfg = Debug|Any CPU
		{21D58B52-20F5-4247-A038-84AC60E01A0B}.Debug|Any CPU.Build.0 = Debug|Any CPU
		{21D58B52-20F5-4247-A038-84AC60E01A0B}.Release|Any CPU.ActiveCfg = Release|Any CPU
		{21D58B52-20F5-4247-A038-84AC60E01A0B}.Release|Any CPU.Build.0 = Release|Any CPU
		{A3F54C83-2CC2-44C9-9A08-BE418D1516AB}.Debug|Any CPU.ActiveCfg = Debug|Any CPU
		{A3F54C83-2CC2-44C9-9A08-BE418D1516AB}.Debug|Any CPU.Build.0 = Debug|Any CPU
		{A3F54C83-2CC2-44C9-9A08-BE418D1516AB}.Release|Any CPU.ActiveCfg = Release|Any CPU
		{A3F54C83-2CC2-44C9-9A08-BE418D1516AB}.Release|Any CPU.Build.0 = Release|Any CPU
	EndGlobalSection
	GlobalSection(SolutionProperties) = preSolution
		HideSolutionNode = FALSE
	EndGlobalSection
	GlobalSection(ExtensibilityGlobals) = postSolution
		SolutionGuid = {E926E674-A42D-4FD4-AB9B-48054DF26F6F}
	EndGlobalSection
EndGlobal
