
Microsoft Visual Studio Solution File, Format Version 12.00
# Visual Studio 15
VisualStudioVersion = 15.0.27703.2047
MinimumVisualStudioVersion = 10.0.40219.1
Project("{FAE04EC0-301F-11D3-BF4B-00C04F79EFBC}") = "Clase 5", "ConsoleApp2\Clase 5.csproj", "{C583F5ED-B311-4655-8B8B-178ACDE2F04F}"
EndProject
Global
	GlobalSection(SolutionConfigurationPlatforms) = preSolution
		Debug|Any CPU = Debug|Any CPU
		Release|Any CPU = Release|Any CPU
	EndGlobalSection
	GlobalSection(ProjectConfigurationPlatforms) = postSolution
		{C583F5ED-B311-4655-8B8B-178ACDE2F04F}.Debug|Any CPU.ActiveCfg = Debug|Any CPU
		{C583F5ED-B311-4655-8B8B-178ACDE2F04F}.Debug|Any CPU.Build.0 = Debug|Any CPU
		{C583F5ED-B311-4655-8B8B-178ACDE2F04F}.Release|Any CPU.ActiveCfg = Release|Any CPU
		{C583F5ED-B311-4655-8B8B-178ACDE2F04F}.Release|Any CPU.Build.0 = Release|Any CPU
	EndGlobalSection
	GlobalSection(SolutionProperties) = preSolution
		HideSolutionNode = FALSE
	EndGlobalSection
	GlobalSection(ExtensibilityGlobals) = postSolution
		SolutionGuid = {89AFF906-A516-4A4F-AAFE-1825A29E8F6F}
	EndGlobalSection
EndGlobal
