
Microsoft Visual Studio Solution File, Format Version 12.00
# Visual Studio 15
VisualStudioVersion = 15.0.27703.2047
MinimumVisualStudioVersion = 10.0.40219.1
Project("{FAE04EC0-301F-11D3-BF4B-00C04F79EFBC}") = "Ejercicio 7", "Ejercicio 7\Ejercicio 7.csproj", "{6B06DBCF-996A-4C19-8C56-6F25C4DC8234}"
EndProject
Global
	GlobalSection(SolutionConfigurationPlatforms) = preSolution
		Debug|Any CPU = Debug|Any CPU
		Release|Any CPU = Release|Any CPU
	EndGlobalSection
	GlobalSection(ProjectConfigurationPlatforms) = postSolution
		{6B06DBCF-996A-4C19-8C56-6F25C4DC8234}.Debug|Any CPU.ActiveCfg = Debug|Any CPU
		{6B06DBCF-996A-4C19-8C56-6F25C4DC8234}.Debug|Any CPU.Build.0 = Debug|Any CPU
		{6B06DBCF-996A-4C19-8C56-6F25C4DC8234}.Release|Any CPU.ActiveCfg = Release|Any CPU
		{6B06DBCF-996A-4C19-8C56-6F25C4DC8234}.Release|Any CPU.Build.0 = Release|Any CPU
	EndGlobalSection
	GlobalSection(SolutionProperties) = preSolution
		HideSolutionNode = FALSE
	EndGlobalSection
	GlobalSection(ExtensibilityGlobals) = postSolution
		SolutionGuid = {297DF795-FE4B-4BC4-9191-54D10266DA4E}
	EndGlobalSection
EndGlobal
