
Microsoft Visual Studio Solution File, Format Version 12.00
# Visual Studio 15
VisualStudioVersion = 15.0.27703.2047
MinimumVisualStudioVersion = 10.0.40219.1
Project("{FAE04EC0-301F-11D3-BF4B-00C04F79EFBC}") = "Ejercicio 5", "Ejercicio 5\Ejercicio 5.csproj", "{9B365EE9-060F-4B4D-A170-3A90272576BF}"
EndProject
Global
	GlobalSection(SolutionConfigurationPlatforms) = preSolution
		Debug|Any CPU = Debug|Any CPU
		Release|Any CPU = Release|Any CPU
	EndGlobalSection
	GlobalSection(ProjectConfigurationPlatforms) = postSolution
		{9B365EE9-060F-4B4D-A170-3A90272576BF}.Debug|Any CPU.ActiveCfg = Debug|Any CPU
		{9B365EE9-060F-4B4D-A170-3A90272576BF}.Debug|Any CPU.Build.0 = Debug|Any CPU
		{9B365EE9-060F-4B4D-A170-3A90272576BF}.Release|Any CPU.ActiveCfg = Release|Any CPU
		{9B365EE9-060F-4B4D-A170-3A90272576BF}.Release|Any CPU.Build.0 = Release|Any CPU
	EndGlobalSection
	GlobalSection(SolutionProperties) = preSolution
		HideSolutionNode = FALSE
	EndGlobalSection
	GlobalSection(ExtensibilityGlobals) = postSolution
		SolutionGuid = {4893A666-E069-4B62-8528-A5E68B305B72}
	EndGlobalSection
EndGlobal
