
Microsoft Visual Studio Solution File, Format Version 12.00
# Visual Studio 15
VisualStudioVersion = 15.0.27703.2047
MinimumVisualStudioVersion = 10.0.40219.1
Project("{FAE04EC0-301F-11D3-BF4B-00C04F79EFBC}") = "Ejercicio 9", "Ejercicio 9\Ejercicio 9.csproj", "{CD5D6CD0-5601-45D6-A25A-4EDB1826EF19}"
EndProject
Global
	GlobalSection(SolutionConfigurationPlatforms) = preSolution
		Debug|Any CPU = Debug|Any CPU
		Release|Any CPU = Release|Any CPU
	EndGlobalSection
	GlobalSection(ProjectConfigurationPlatforms) = postSolution
		{CD5D6CD0-5601-45D6-A25A-4EDB1826EF19}.Debug|Any CPU.ActiveCfg = Debug|Any CPU
		{CD5D6CD0-5601-45D6-A25A-4EDB1826EF19}.Debug|Any CPU.Build.0 = Debug|Any CPU
		{CD5D6CD0-5601-45D6-A25A-4EDB1826EF19}.Release|Any CPU.ActiveCfg = Release|Any CPU
		{CD5D6CD0-5601-45D6-A25A-4EDB1826EF19}.Release|Any CPU.Build.0 = Release|Any CPU
	EndGlobalSection
	GlobalSection(SolutionProperties) = preSolution
		HideSolutionNode = FALSE
	EndGlobalSection
	GlobalSection(ExtensibilityGlobals) = postSolution
		SolutionGuid = {EDF522D1-CA9E-4D41-9F6A-D7C7B5F611CB}
	EndGlobalSection
EndGlobal
