
Microsoft Visual Studio Solution File, Format Version 12.00
# Visual Studio 15
VisualStudioVersion = 15.0.27703.2047
MinimumVisualStudioVersion = 10.0.40219.1
Project("{FAE04EC0-301F-11D3-BF4B-00C04F79EFBC}") = "Ejercicio 8", "Ejercicio 8\Ejercicio 8.csproj", "{61E5D19F-AB39-4D54-8610-52B15FE319EE}"
EndProject
Global
	GlobalSection(SolutionConfigurationPlatforms) = preSolution
		Debug|Any CPU = Debug|Any CPU
		Release|Any CPU = Release|Any CPU
	EndGlobalSection
	GlobalSection(ProjectConfigurationPlatforms) = postSolution
		{61E5D19F-AB39-4D54-8610-52B15FE319EE}.Debug|Any CPU.ActiveCfg = Debug|Any CPU
		{61E5D19F-AB39-4D54-8610-52B15FE319EE}.Debug|Any CPU.Build.0 = Debug|Any CPU
		{61E5D19F-AB39-4D54-8610-52B15FE319EE}.Release|Any CPU.ActiveCfg = Release|Any CPU
		{61E5D19F-AB39-4D54-8610-52B15FE319EE}.Release|Any CPU.Build.0 = Release|Any CPU
	EndGlobalSection
	GlobalSection(SolutionProperties) = preSolution
		HideSolutionNode = FALSE
	EndGlobalSection
	GlobalSection(ExtensibilityGlobals) = postSolution
		SolutionGuid = {4E31A7D8-D7DB-452E-AC29-A6C5160A7F07}
	EndGlobalSection
EndGlobal
